
Microsoft Visual Studio Solution File, Format Version 12.00
# Visual Studio Version 16
VisualStudioVersion = 16.0.31702.278
MinimumVisualStudioVersion = 10.0.40219.1
Project("{8BC9CEB8-8B4A-11D0-8D11-00A0C91BC942}") = "含有可变形参的函数", "含有可变形参的函数\含有可变形参的函数.vcxproj", "{749255B9-47EB-445A-AAC4-865E924FB331}"
EndProject
Global
	GlobalSection(SolutionConfigurationPlatforms) = preSolution
		Debug|x64 = Debug|x64
		Debug|x86 = Debug|x86
		Release|x64 = Release|x64
		Release|x86 = Release|x86
	EndGlobalSection
	GlobalSection(ProjectConfigurationPlatforms) = postSolution
		{749255B9-47EB-445A-AAC4-865E924FB331}.Debug|x64.ActiveCfg = Debug|x64
		{749255B9-47EB-445A-AAC4-865E924FB331}.Debug|x64.Build.0 = Debug|x64
		{749255B9-47EB-445A-AAC4-865E924FB331}.Debug|x86.ActiveCfg = Debug|Win32
		{749255B9-47EB-445A-AAC4-865E924FB331}.Debug|x86.Build.0 = Debug|Win32
		{749255B9-47EB-445A-AAC4-865E924FB331}.Release|x64.ActiveCfg = Release|x64
		{749255B9-47EB-445A-AAC4-865E924FB331}.Release|x64.Build.0 = Release|x64
		{749255B9-47EB-445A-AAC4-865E924FB331}.Release|x86.ActiveCfg = Release|Win32
		{749255B9-47EB-445A-AAC4-865E924FB331}.Release|x86.Build.0 = Release|Win32
	EndGlobalSection
	GlobalSection(SolutionProperties) = preSolution
		HideSolutionNode = FALSE
	EndGlobalSection
	GlobalSection(ExtensibilityGlobals) = postSolution
		SolutionGuid = {ECE965C9-9681-4819-9F2E-24DA9227297A}
	EndGlobalSection
EndGlobal
