
Microsoft Visual Studio Solution File, Format Version 12.00
# Visual Studio 2012
Project("{8BC9CEB8-8B4A-11D0-8D11-00A0C91BC942}") = "运算符重载", "运算符重载\运算符重载.vcxproj", "{94F39E03-3566-4552-AC6C-60192B6941E4}"
EndProject
Global
	GlobalSection(SolutionConfigurationPlatforms) = preSolution
		Debug|Win32 = Debug|Win32
		Release|Win32 = Release|Win32
	EndGlobalSection
	GlobalSection(ProjectConfigurationPlatforms) = postSolution
		{94F39E03-3566-4552-AC6C-60192B6941E4}.Debug|Win32.ActiveCfg = Debug|Win32
		{94F39E03-3566-4552-AC6C-60192B6941E4}.Debug|Win32.Build.0 = Debug|Win32
		{94F39E03-3566-4552-AC6C-60192B6941E4}.Release|Win32.ActiveCfg = Release|Win32
		{94F39E03-3566-4552-AC6C-60192B6941E4}.Release|Win32.Build.0 = Release|Win32
	EndGlobalSection
	GlobalSection(SolutionProperties) = preSolution
		HideSolutionNode = FALSE
	EndGlobalSection
EndGlobal
