
Microsoft Visual Studio Solution File, Format Version 12.00
# Visual Studio 2012
Project("{8BC9CEB8-8B4A-11D0-8D11-00A0C91BC942}") = "map容器", "map容器\map容器.vcxproj", "{229992E6-9C58-4AE2-A5FC-9E37797E24E9}"
EndProject
Global
	GlobalSection(SolutionConfigurationPlatforms) = preSolution
		Debug|Win32 = Debug|Win32
		Release|Win32 = Release|Win32
	EndGlobalSection
	GlobalSection(ProjectConfigurationPlatforms) = postSolution
		{229992E6-9C58-4AE2-A5FC-9E37797E24E9}.Debug|Win32.ActiveCfg = Debug|Win32
		{229992E6-9C58-4AE2-A5FC-9E37797E24E9}.Debug|Win32.Build.0 = Debug|Win32
		{229992E6-9C58-4AE2-A5FC-9E37797E24E9}.Release|Win32.ActiveCfg = Release|Win32
		{229992E6-9C58-4AE2-A5FC-9E37797E24E9}.Release|Win32.Build.0 = Release|Win32
	EndGlobalSection
	GlobalSection(SolutionProperties) = preSolution
		HideSolutionNode = FALSE
	EndGlobalSection
EndGlobal
