
Microsoft Visual Studio Solution File, Format Version 12.00
# Visual Studio Version 16
VisualStudioVersion = 16.0.31702.278
MinimumVisualStudioVersion = 10.0.40219.1
Project("{8BC9CEB8-8B4A-11D0-8D11-00A0C91BC942}") = "异常处理", "异常处理\异常处理.vcxproj", "{0C852BD2-254A-4ADB-92FC-135F0E19A4DB}"
EndProject
Global
	GlobalSection(SolutionConfigurationPlatforms) = preSolution
		Debug|x64 = Debug|x64
		Debug|x86 = Debug|x86
		Release|x64 = Release|x64
		Release|x86 = Release|x86
	EndGlobalSection
	GlobalSection(ProjectConfigurationPlatforms) = postSolution
		{0C852BD2-254A-4ADB-92FC-135F0E19A4DB}.Debug|x64.ActiveCfg = Debug|x64
		{0C852BD2-254A-4ADB-92FC-135F0E19A4DB}.Debug|x64.Build.0 = Debug|x64
		{0C852BD2-254A-4ADB-92FC-135F0E19A4DB}.Debug|x86.ActiveCfg = Debug|Win32
		{0C852BD2-254A-4ADB-92FC-135F0E19A4DB}.Debug|x86.Build.0 = Debug|Win32
		{0C852BD2-254A-4ADB-92FC-135F0E19A4DB}.Release|x64.ActiveCfg = Release|x64
		{0C852BD2-254A-4ADB-92FC-135F0E19A4DB}.Release|x64.Build.0 = Release|x64
		{0C852BD2-254A-4ADB-92FC-135F0E19A4DB}.Release|x86.ActiveCfg = Release|Win32
		{0C852BD2-254A-4ADB-92FC-135F0E19A4DB}.Release|x86.Build.0 = Release|Win32
	EndGlobalSection
	GlobalSection(SolutionProperties) = preSolution
		HideSolutionNode = FALSE
	EndGlobalSection
	GlobalSection(ExtensibilityGlobals) = postSolution
		SolutionGuid = {1A408E49-8056-40F4-A627-CB3D954ABF50}
	EndGlobalSection
EndGlobal
