
Microsoft Visual Studio Solution File, Format Version 12.00
# Visual Studio 2012
Project("{8BC9CEB8-8B4A-11D0-8D11-00A0C91BC942}") = "对象的初始化和清理", "对象的初始化和清理\对象的初始化和清理.vcxproj", "{89B82024-8519-456C-8FBE-6E594B1C4C83}"
EndProject
Global
	GlobalSection(SolutionConfigurationPlatforms) = preSolution
		Debug|Win32 = Debug|Win32
		Release|Win32 = Release|Win32
	EndGlobalSection
	GlobalSection(ProjectConfigurationPlatforms) = postSolution
		{89B82024-8519-456C-8FBE-6E594B1C4C83}.Debug|Win32.ActiveCfg = Debug|Win32
		{89B82024-8519-456C-8FBE-6E594B1C4C83}.Debug|Win32.Build.0 = Debug|Win32
		{89B82024-8519-456C-8FBE-6E594B1C4C83}.Release|Win32.ActiveCfg = Release|Win32
		{89B82024-8519-456C-8FBE-6E594B1C4C83}.Release|Win32.Build.0 = Release|Win32
	EndGlobalSection
	GlobalSection(SolutionProperties) = preSolution
		HideSolutionNode = FALSE
	EndGlobalSection
EndGlobal
