
Microsoft Visual Studio Solution File, Format Version 12.00
# Visual Studio Version 16
VisualStudioVersion = 16.0.31605.320
MinimumVisualStudioVersion = 10.0.40219.1
Project("{8BC9CEB8-8B4A-11D0-8D11-00A0C91BC942}") = "范围for、new内存动态分配、nuiiptr", "范围for、new内存动态分配、nuiiptr\范围for、new内存动态分配、nuiiptr.vcxproj", "{3570CF20-802E-4CCE-917E-290CEF9A46D9}"
EndProject
Global
	GlobalSection(SolutionConfigurationPlatforms) = preSolution
		Debug|x64 = Debug|x64
		Debug|x86 = Debug|x86
		Release|x64 = Release|x64
		Release|x86 = Release|x86
	EndGlobalSection
	GlobalSection(ProjectConfigurationPlatforms) = postSolution
		{3570CF20-802E-4CCE-917E-290CEF9A46D9}.Debug|x64.ActiveCfg = Debug|x64
		{3570CF20-802E-4CCE-917E-290CEF9A46D9}.Debug|x64.Build.0 = Debug|x64
		{3570CF20-802E-4CCE-917E-290CEF9A46D9}.Debug|x86.ActiveCfg = Debug|Win32
		{3570CF20-802E-4CCE-917E-290CEF9A46D9}.Debug|x86.Build.0 = Debug|Win32
		{3570CF20-802E-4CCE-917E-290CEF9A46D9}.Release|x64.ActiveCfg = Release|x64
		{3570CF20-802E-4CCE-917E-290CEF9A46D9}.Release|x64.Build.0 = Release|x64
		{3570CF20-802E-4CCE-917E-290CEF9A46D9}.Release|x86.ActiveCfg = Release|Win32
		{3570CF20-802E-4CCE-917E-290CEF9A46D9}.Release|x86.Build.0 = Release|Win32
	EndGlobalSection
	GlobalSection(SolutionProperties) = preSolution
		HideSolutionNode = FALSE
	EndGlobalSection
	GlobalSection(ExtensibilityGlobals) = postSolution
		SolutionGuid = {D586CD09-146F-4954-8184-54E509731C5F}
	EndGlobalSection
EndGlobal
