
Microsoft Visual Studio Solution File, Format Version 12.00
# Visual Studio Version 16
VisualStudioVersion = 16.0.31605.320
MinimumVisualStudioVersion = 10.0.40219.1
Project("{8BC9CEB8-8B4A-11D0-8D11-00A0C91BC942}") = "condition_variable、wait、notify_one、notify_all", "condition_variable、wait、notify_one、notify_all\condition_variable、wait、notify_one、notify_all.vcxproj", "{EBAFE044-DFA4-450D-B741-B03A448D767F}"
EndProject
Global
	GlobalSection(SolutionConfigurationPlatforms) = preSolution
		Debug|x64 = Debug|x64
		Debug|x86 = Debug|x86
		Release|x64 = Release|x64
		Release|x86 = Release|x86
	EndGlobalSection
	GlobalSection(ProjectConfigurationPlatforms) = postSolution
		{EBAFE044-DFA4-450D-B741-B03A448D767F}.Debug|x64.ActiveCfg = Debug|x64
		{EBAFE044-DFA4-450D-B741-B03A448D767F}.Debug|x64.Build.0 = Debug|x64
		{EBAFE044-DFA4-450D-B741-B03A448D767F}.Debug|x86.ActiveCfg = Debug|Win32
		{EBAFE044-DFA4-450D-B741-B03A448D767F}.Debug|x86.Build.0 = Debug|Win32
		{EBAFE044-DFA4-450D-B741-B03A448D767F}.Release|x64.ActiveCfg = Release|x64
		{EBAFE044-DFA4-450D-B741-B03A448D767F}.Release|x64.Build.0 = Release|x64
		{EBAFE044-DFA4-450D-B741-B03A448D767F}.Release|x86.ActiveCfg = Release|Win32
		{EBAFE044-DFA4-450D-B741-B03A448D767F}.Release|x86.Build.0 = Release|Win32
	EndGlobalSection
	GlobalSection(SolutionProperties) = preSolution
		HideSolutionNode = FALSE
	EndGlobalSection
	GlobalSection(ExtensibilityGlobals) = postSolution
		SolutionGuid = {1E9C1406-EF2E-4EDE-87D4-18426F837685}
	EndGlobalSection
EndGlobal
